github.com/jamesliu96/geheim v1.19.3 h1:aP+ryeaKdelAF985YywDPD+4nlYK2Z+igYZkhsWn4Is=
github.com/jamesliu96/geheim v1.19.3/go.mod h1:cswKyEwh5nCT1GPoWcsjXV3VapLofZzxriwqDvZPTAI=
github.com/jamesliu96/xp v1.2.3 h1:dgbuePJMe1HWri5pOIMGlvRqybwYQe332KcQ1Ayfs+k=
github.com/jamesliu96/xp v1.2.3/go.mod h1:H3AllUBWgXjU6KeK9mp0sLeGvEaRX05zfYxz9jwr+Ng=
golang.org/x/crypto v0.0.0-20220507011949-2cf3adece122 h1:NvGWuYG8dkDHFSKksI1P9faiVJ9rayE6l0+ouWVIDs8=
golang.org/x/crypto v0.0.0-20220507011949-2cf3adece122/go.mod h1:IxCIyHEi3zRg3s0A5j5BB6A9Jmi73HwBIUl50j+osU4=
golang.org/x/sys v0.0.0-20220503163025-988cb79eb6c6 h1:nonptSpoQ4vQjyraW20DXPAglgQfVnM9ZC6MmNLMR60=
golang.org/x/sys v0.0.0-20220503163025-988cb79eb6c6/go.mod h1:oPkhp1MJrh7nUepCBck5+mAzfO9JrbApNNgaTdGDITg=
golang.org/x/term v0.0.0-20220411215600-e5f449aeb171 h1:EH1Deb8WZJ0xc0WK//leUHXcX9aLE5SymusoTmMZye8=
golang.org/x/term v0.0.0-20220411215600-e5f449aeb171/go.mod h1:jbD1KX2456YbFQfuXm/mYQcufACuNUgVhRMnK/tPxf8=
